lockfileVersion: '9.0'

settings:
  autoInstallPeers: true
  excludeLinksFromLockfile: false

importers:

  .:
    dependencies:
      ai:
        specifier: ^4.2.0
        version: 4.2.0(react@19.0.0)(zod@3.24.2)

packages:

  '@ai-sdk/provider-utils@2.2.0':
    resolution: {integrity: sha512-RX5BnDSqudjvZjwwpROcxVQElyX7rUn/xImBgaZLXekSGqq8f7/tefqDcQiRbDZjuCd4CVIfhrK8y/Pta8cPfQ==}
    engines: {node: '>=18'}
    peerDependencies:
      zod: ^3.23.8

  '@ai-sdk/provider@1.1.0':
    resolution: {integrity: sha512-0M+qjp+clUD0R1E5eWQFhxEvWLNaOtGQRUaBn8CUABnSKredagq92hUS9VjOzGsTm37xLfpaxl97AVtbeOsHew==}
    engines: {node: '>=18'}

  '@ai-sdk/react@1.2.0':
    resolution: {integrity: sha512-fUTZkAsxOMz8ijjWf87E/GfYkgsH4V5MH2yuj7EXh5ShjWe/oayn2ZJkyoqFMr4Jf8m5kptDaivmbIenDq5OXA==}
    engines: {node: '>=18'}
    peerDependencies:
      react: ^18 || ^19 || ^19.0.0-rc
      zod: ^3.23.8
    peerDependenciesMeta:
      zod:
        optional: true

  '@ai-sdk/ui-utils@1.2.0':
    resolution: {integrity: sha512-0IZwCqe7E+GkCASTDPAbzMr+POm9GDzWvFd37FvzpOeKNeibmge/LZEkTDbGSa+3b928H8wPwOLsOXBWPLUPDQ==}
    engines: {node: '>=18'}
    peerDependencies:
      zod: ^3.23.8

  '@opentelemetry/api@1.9.0':
    resolution: {integrity: sha512-3giAOQvZiH5F9bMlMiv8+GSPMeqg0dbaeo58/0SlA9sxSqZhnUtxzX9/2FzyhS9sWQf5S0GJE0AKBrFqjpeYcg==}
    engines: {node: '>=8.0.0'}

  '@types/diff-match-patch@1.0.36':
    resolution: {integrity: sha512-xFdR6tkm0MWvBfO8xXCSsinYxHcqkQUlcHeSpMC2ukzOb6lwQAfDmW+Qt0AvlGd8HpsS28qKsB+oPeJn9I39jg==}

  ai@4.2.0:
    resolution: {integrity: sha512-3xJWzBZpBS3n/UY360IopufV5dpfgYoY08eCAV2A2m7CcyJxVOAQ4lXvBGSsB+mR+BYJ8Y/JOesFfc0+k4jz3A==}
    engines: {node: '>=18'}
    peerDependencies:
      react: ^18 || ^19 || ^19.0.0-rc
      zod: ^3.23.8
    peerDependenciesMeta:
      react:
        optional: true

  chalk@5.4.1:
    resolution: {integrity: sha512-zgVZuo2WcZgfUEmsn6eO3kINexW8RAE4maiQ8QNs8CtpPCSyMiYsULR3HQYkm3w8FIA3SberyMJMSldGsW+U3w==}
    engines: {node: ^12.17.0 || ^14.13 || >=16.0.0}

  dequal@2.0.3:
    resolution: {integrity: sha512-0je+qPKHEMohvfRTCEo3CrPG6cAzAYgmzKyxRiYSSDkS6eGJdyVJm7WaYA5ECaAD9wLB2T4EEeymA5aFVcYXCA==}
    engines: {node: '>=6'}

  diff-match-patch@1.0.5:
    resolution: {integrity: sha512-IayShXAgj/QMXgB0IWmKx+rOPuGMhqm5w6jvFxmVenXKIzRqTAAsbBPT3kWQeGANj3jGgvcvv4yK6SxqYmikgw==}

  eventsource-parser@3.0.0:
    resolution: {integrity: sha512-T1C0XCUimhxVQzW4zFipdx0SficT651NnkR0ZSH3yQwh+mFMdLfgjABVi4YtMTtaL4s168593DaoaRLMqryavA==}
    engines: {node: '>=18.0.0'}

  json-schema@0.4.0:
    resolution: {integrity: sha512-es94M3nTIfsEPisRafak+HDLfHXnKBhV3vU5eqPcS3flIWqcxJWgXHXiey3YrpaNsanY5ei1VoYEbOzijuq9BA==}

  jsondiffpatch@0.6.0:
    resolution: {integrity: sha512-3QItJOXp2AP1uv7waBkao5nCvhEv+QmJAd38Ybq7wNI74Q+BBmnLn4EDKz6yI9xGAIQoUF87qHt+kc1IVxB4zQ==}
    engines: {node: ^18.0.0 || >=20.0.0}
    hasBin: true

  nanoid@3.3.11:
    resolution: {integrity: sha512-N8SpfPUnUp1bK+PMYW8qSWdl9U+wwNWI4QKxOYDy9JAro3WMX7p2OeVRF9v+347pnakNevPmiHhNmZ2HbFA76w==}
    engines: {node: ^10 || ^12 || ^13.7 || ^14 || >=15.0.1}
    hasBin: true

  react@19.0.0:
    resolution: {integrity: sha512-V8AVnmPIICiWpGfm6GLzCR/W5FXLchHop40W4nXBmdlEceh16rCN8O8LNWm5bh5XUX91fh7KpA+W0TgMKmgTpQ==}
    engines: {node: '>=0.10.0'}

  secure-json-parse@2.7.0:
    resolution: {integrity: sha512-6aU+Rwsezw7VR8/nyvKTx8QpWH9FrcYiXXlqC4z5d5XQBDRqtbfsRjnwGyqbi3gddNtWHuEk9OANUotL26qKUw==}

  swr@2.3.3:
    resolution: {integrity: sha512-dshNvs3ExOqtZ6kJBaAsabhPdHyeY4P2cKwRCniDVifBMoG/SVI7tfLWqPXriVspf2Rg4tPzXJTnwaihIeFw2A==}
    peerDependencies:
      react: ^16.11.0 || ^17.0.0 || ^18.0.0 || ^19.0.0

  throttleit@2.1.0:
    resolution: {integrity: sha512-nt6AMGKW1p/70DF/hGBdJB57B8Tspmbp5gfJ8ilhLnt7kkr2ye7hzD6NVG8GGErk2HWF34igrL2CXmNIkzKqKw==}
    engines: {node: '>=18'}

  use-sync-external-store@1.4.0:
    resolution: {integrity: sha512-9WXSPC5fMv61vaupRkCKCxsPxBocVnwakBEkMIHHpkTTg6icbJtg6jzgtLDm4bl3cSHAca52rYWih0k4K3PfHw==}
    peerDependencies:
      react: ^16.8.0 || ^17.0.0 || ^18.0.0 || ^19.0.0

  zod-to-json-schema@3.24.5:
    resolution: {integrity: sha512-/AuWwMP+YqiPbsJx5D6TfgRTc4kTLjsh5SOcd4bLsfUg2RcEXrFMJl1DGgdHy2aCfsIA/cr/1JM0xcB2GZji8g==}
    peerDependencies:
      zod: ^3.24.1

  zod@3.24.2:
    resolution: {integrity: sha512-lY7CDW43ECgW9u1TcT3IoXHflywfVqDYze4waEz812jR/bZ8FHDsl7pFQoSZTz5N+2NqRXs8GBwnAwo3ZNxqhQ==}

snapshots:

  '@ai-sdk/provider-utils@2.2.0(zod@3.24.2)':
    dependencies:
      '@ai-sdk/provider': 1.1.0
      eventsource-parser: 3.0.0
      nanoid: 3.3.11
      secure-json-parse: 2.7.0
      zod: 3.24.2

  '@ai-sdk/provider@1.1.0':
    dependencies:
      json-schema: 0.4.0

  '@ai-sdk/react@1.2.0(react@19.0.0)(zod@3.24.2)':
    dependencies:
      '@ai-sdk/provider-utils': 2.2.0(zod@3.24.2)
      '@ai-sdk/ui-utils': 1.2.0(zod@3.24.2)
      react: 19.0.0
      swr: 2.3.3(react@19.0.0)
      throttleit: 2.1.0
    optionalDependencies:
      zod: 3.24.2

  '@ai-sdk/ui-utils@1.2.0(zod@3.24.2)':
    dependencies:
      '@ai-sdk/provider': 1.1.0
      '@ai-sdk/provider-utils': 2.2.0(zod@3.24.2)
      zod: 3.24.2
      zod-to-json-schema: 3.24.5(zod@3.24.2)

  '@opentelemetry/api@1.9.0': {}

  '@types/diff-match-patch@1.0.36': {}

  ai@4.2.0(react@19.0.0)(zod@3.24.2):
    dependencies:
      '@ai-sdk/provider': 1.1.0
      '@ai-sdk/provider-utils': 2.2.0(zod@3.24.2)
      '@ai-sdk/react': 1.2.0(react@19.0.0)(zod@3.24.2)
      '@ai-sdk/ui-utils': 1.2.0(zod@3.24.2)
      '@opentelemetry/api': 1.9.0
      eventsource-parser: 3.0.0
      jsondiffpatch: 0.6.0
      zod: 3.24.2
    optionalDependencies:
      react: 19.0.0

  chalk@5.4.1: {}

  dequal@2.0.3: {}

  diff-match-patch@1.0.5: {}

  eventsource-parser@3.0.0: {}

  json-schema@0.4.0: {}

  jsondiffpatch@0.6.0:
    dependencies:
      '@types/diff-match-patch': 1.0.36
      chalk: 5.4.1
      diff-match-patch: 1.0.5

  nanoid@3.3.11: {}

  react@19.0.0: {}

  secure-json-parse@2.7.0: {}

  swr@2.3.3(react@19.0.0):
    dependencies:
      dequal: 2.0.3
      react: 19.0.0
      use-sync-external-store: 1.4.0(react@19.0.0)

  throttleit@2.1.0: {}

  use-sync-external-store@1.4.0(react@19.0.0):
    dependencies:
      react: 19.0.0

  zod-to-json-schema@3.24.5(zod@3.24.2):
    dependencies:
      zod: 3.24.2

  zod@3.24.2: {}
